
Microsoft Visual Studio Solution File, Format Version 12.00
# Visual Studio Version 17
VisualStudioVersion = 17.0.31903.59
MinimumVisualStudioVersion = 10.0.40219.1
Project("{2150E333-8FDC-42A3-9474-1A3956D46DE8}") = "src", "src", "{827E0CD3-B72D-47B6-A68D-7590B98EB39B}"
EndProject
Project("{FAE04EC0-301F-11D3-BF4B-00C04F79EFBC}") = "SdlcAgent.Shared.Contracts", "src\SdlcAgent.Shared.Contracts\SdlcAgent.Shared.Contracts.csproj", "{C5A46367-BFBB-4620-9C0A-053CB08A2F43}"
EndProject
Project("{FAE04EC0-301F-11D3-BF4B-00C04F79EFBC}") = "SdlcAgent.Orchestrator.Api", "src\SdlcAgent.Orchestrator.Api\SdlcAgent.Orchestrator.Api.csproj", "{FDAB49FA-8089-4BE5-832A-E8781A6EF25F}"
EndProject
Project("{FAE04EC0-301F-11D3-BF4B-00C04F79EFBC}") = "SdlcAgent.Architect.Api", "src\SdlcAgent.Architect.Api\SdlcAgent.Architect.Api.csproj", "{BF97D6EE-2AB7-4004-9A46-549E73595366}"
EndProject
Project("{FAE04EC0-301F-11D3-BF4B-00C04F79EFBC}") = "SdlcAgent.DevOps.Api", "src\SdlcAgent.DevOps.Api\SdlcAgent.DevOps.Api.csproj", "{4931A88E-F1D7-4981-9FD1-FB68C3FB3609}"
EndProject
Project("{FAE04EC0-301F-11D3-BF4B-00C04F79EFBC}") = "SdlcAgent.Developer.Api", "src\SdlcAgent.Developer.Api\SdlcAgent.Developer.Api.csproj", "{B1CF2C92-92A4-4BD2-8489-049141EA55D3}"
EndProject
Project("{FAE04EC0-301F-11D3-BF4B-00C04F79EFBC}") = "SdlcAgent.Qa.Api", "src\SdlcAgent.Qa.Api\SdlcAgent.Qa.Api.csproj", "{96C896BD-BC69-4226-8707-A36C6301BE6E}"
EndProject
Global
	GlobalSection(SolutionConfigurationPlatforms) = preSolution
		Debug|Any CPU = Debug|Any CPU
		Debug|x64 = Debug|x64
		Debug|x86 = Debug|x86
		Release|Any CPU = Release|Any CPU
		Release|x64 = Release|x64
		Release|x86 = Release|x86
	EndGlobalSection
	GlobalSection(ProjectConfigurationPlatforms) = postSolution
		{C5A46367-BFBB-4620-9C0A-053CB08A2F43}.Debug|Any CPU.ActiveCfg = Debug|Any CPU
		{C5A46367-BFBB-4620-9C0A-053CB08A2F43}.Debug|Any CPU.Build.0 = Debug|Any CPU
		{C5A46367-BFBB-4620-9C0A-053CB08A2F43}.Debug|x64.ActiveCfg = Debug|Any CPU
		{C5A46367-BFBB-4620-9C0A-053CB08A2F43}.Debug|x64.Build.0 = Debug|Any CPU
		{C5A46367-BFBB-4620-9C0A-053CB08A2F43}.Debug|x86.ActiveCfg = Debug|Any CPU
		{C5A46367-BFBB-4620-9C0A-053CB08A2F43}.Debug|x86.Build.0 = Debug|Any CPU
		{C5A46367-BFBB-4620-9C0A-053CB08A2F43}.Release|Any CPU.ActiveCfg = Release|Any CPU
		{C5A46367-BFBB-4620-9C0A-053CB08A2F43}.Release|Any CPU.Build.0 = Release|Any CPU
		{C5A46367-BFBB-4620-9C0A-053CB08A2F43}.Release|x64.ActiveCfg = Release|Any CPU
		{C5A46367-BFBB-4620-9C0A-053CB08A2F43}.Release|x64.Build.0 = Release|Any CPU
		{C5A46367-BFBB-4620-9C0A-053CB08A2F43}.Release|x86.ActiveCfg = Release|Any CPU
		{C5A46367-BFBB-4620-9C0A-053CB08A2F43}.Release|x86.Build.0 = Release|Any CPU
		{FDAB49FA-8089-4BE5-832A-E8781A6EF25F}.Debug|Any CPU.ActiveCfg = Debug|Any CPU
		{FDAB49FA-8089-4BE5-832A-E8781A6EF25F}.Debug|Any CPU.Build.0 = Debug|Any CPU
		{FDAB49FA-8089-4BE5-832A-E8781A6EF25F}.Debug|x64.ActiveCfg = Debug|Any CPU
		{FDAB49FA-8089-4BE5-832A-E8781A6EF25F}.Debug|x64.Build.0 = Debug|Any CPU
		{FDAB49FA-8089-4BE5-832A-E8781A6EF25F}.Debug|x86.ActiveCfg = Debug|Any CPU
		{FDAB49FA-8089-4BE5-832A-E8781A6EF25F}.Debug|x86.Build.0 = Debug|Any CPU
		{FDAB49FA-8089-4BE5-832A-E8781A6EF25F}.Release|Any CPU.ActiveCfg = Release|Any CPU
		{FDAB49FA-8089-4BE5-832A-E8781A6EF25F}.Release|Any CPU.Build.0 = Release|Any CPU
		{FDAB49FA-8089-4BE5-832A-E8781A6EF25F}.Release|x64.ActiveCfg = Release|Any CPU
		{FDAB49FA-8089-4BE5-832A-E8781A6EF25F}.Release|x64.Build.0 = Release|Any CPU
		{FDAB49FA-8089-4BE5-832A-E8781A6EF25F}.Release|x86.ActiveCfg = Release|Any CPU
		{FDAB49FA-8089-4BE5-832A-E8781A6EF25F}.Release|x86.Build.0 = Release|Any CPU
		{BF97D6EE-2AB7-4004-9A46-549E73595366}.Debug|Any CPU.ActiveCfg = Debug|Any CPU
		{BF97D6EE-2AB7-4004-9A46-549E73595366}.Debug|Any CPU.Build.0 = Debug|Any CPU
		{BF97D6EE-2AB7-4004-9A46-549E73595366}.Debug|x64.ActiveCfg = Debug|Any CPU
		{BF97D6EE-2AB7-4004-9A46-549E73595366}.Debug|x64.Build.0 = Debug|Any CPU
		{BF97D6EE-2AB7-4004-9A46-549E73595366}.Debug|x86.ActiveCfg = Debug|Any CPU
		{BF97D6EE-2AB7-4004-9A46-549E73595366}.Debug|x86.Build.0 = Debug|Any CPU
		{BF97D6EE-2AB7-4004-9A46-549E73595366}.Release|Any CPU.ActiveCfg = Release|Any CPU
		{BF97D6EE-2AB7-4004-9A46-549E73595366}.Release|Any CPU.Build.0 = Release|Any CPU
		{BF97D6EE-2AB7-4004-9A46-549E73595366}.Release|x64.ActiveCfg = Release|Any CPU
		{BF97D6EE-2AB7-4004-9A46-549E73595366}.Release|x64.Build.0 = Release|Any CPU
		{BF97D6EE-2AB7-4004-9A46-549E73595366}.Release|x86.ActiveCfg = Release|Any CPU
		{BF97D6EE-2AB7-4004-9A46-549E73595366}.Release|x86.Build.0 = Release|Any CPU
		{4931A88E-F1D7-4981-9FD1-FB68C3FB3609}.Debug|Any CPU.ActiveCfg = Debug|Any CPU
		{4931A88E-F1D7-4981-9FD1-FB68C3FB3609}.Debug|Any CPU.Build.0 = Debug|Any CPU
		{4931A88E-F1D7-4981-9FD1-FB68C3FB3609}.Debug|x64.ActiveCfg = Debug|Any CPU
		{4931A88E-F1D7-4981-9FD1-FB68C3FB3609}.Debug|x64.Build.0 = Debug|Any CPU
		{4931A88E-F1D7-4981-9FD1-FB68C3FB3609}.Debug|x86.ActiveCfg = Debug|Any CPU
		{4931A88E-F1D7-4981-9FD1-FB68C3FB3609}.Debug|x86.Build.0 = Debug|Any CPU
		{4931A88E-F1D7-4981-9FD1-FB68C3FB3609}.Release|Any CPU.ActiveCfg = Release|Any CPU
		{4931A88E-F1D7-4981-9FD1-FB68C3FB3609}.Release|Any CPU.Build.0 = Release|Any CPU
		{4931A88E-F1D7-4981-9FD1-FB68C3FB3609}.Release|x64.ActiveCfg = Release|Any CPU
		{4931A88E-F1D7-4981-9FD1-FB68C3FB3609}.Release|x64.Build.0 = Release|Any CPU
		{4931A88E-F1D7-4981-9FD1-FB68C3FB3609}.Release|x86.ActiveCfg = Release|Any CPU
		{4931A88E-F1D7-4981-9FD1-FB68C3FB3609}.Release|x86.Build.0 = Release|Any CPU
		{B1CF2C92-92A4-4BD2-8489-049141EA55D3}.Debug|Any CPU.ActiveCfg = Debug|Any CPU
		{B1CF2C92-92A4-4BD2-8489-049141EA55D3}.Debug|Any CPU.Build.0 = Debug|Any CPU
		{B1CF2C92-92A4-4BD2-8489-049141EA55D3}.Debug|x64.ActiveCfg = Debug|Any CPU
		{B1CF2C92-92A4-4BD2-8489-049141EA55D3}.Debug|x64.Build.0 = Debug|Any CPU
		{B1CF2C92-92A4-4BD2-8489-049141EA55D3}.Debug|x86.ActiveCfg = Debug|Any CPU
		{B1CF2C92-92A4-4BD2-8489-049141EA55D3}.Debug|x86.Build.0 = Debug|Any CPU
		{B1CF2C92-92A4-4BD2-8489-049141EA55D3}.Release|Any CPU.ActiveCfg = Release|Any CPU
		{B1CF2C92-92A4-4BD2-8489-049141EA55D3}.Release|Any CPU.Build.0 = Release|Any CPU
		{B1CF2C92-92A4-4BD2-8489-049141EA55D3}.Release|x64.ActiveCfg = Release|Any CPU
		{B1CF2C92-92A4-4BD2-8489-049141EA55D3}.Release|x64.Build.0 = Release|Any CPU
		{B1CF2C92-92A4-4BD2-8489-049141EA55D3}.Release|x86.ActiveCfg = Release|Any CPU
		{B1CF2C92-92A4-4BD2-8489-049141EA55D3}.Release|x86.Build.0 = Release|Any CPU
		{96C896BD-BC69-4226-8707-A36C6301BE6E}.Debug|Any CPU.ActiveCfg = Debug|Any CPU
		{96C896BD-BC69-4226-8707-A36C6301BE6E}.Debug|Any CPU.Build.0 = Debug|Any CPU
		{96C896BD-BC69-4226-8707-A36C6301BE6E}.Debug|x64.ActiveCfg = Debug|Any CPU
		{96C896BD-BC69-4226-8707-A36C6301BE6E}.Debug|x64.Build.0 = Debug|Any CPU
		{96C896BD-BC69-4226-8707-A36C6301BE6E}.Debug|x86.ActiveCfg = Debug|Any CPU
		{96C896BD-BC69-4226-8707-A36C6301BE6E}.Debug|x86.Build.0 = Debug|Any CPU
		{96C896BD-BC69-4226-8707-A36C6301BE6E}.Release|Any CPU.ActiveCfg = Release|Any CPU
		{96C896BD-BC69-4226-8707-A36C6301BE6E}.Release|Any CPU.Build.0 = Release|Any CPU
		{96C896BD-BC69-4226-8707-A36C6301BE6E}.Release|x64.ActiveCfg = Release|Any CPU
		{96C896BD-BC69-4226-8707-A36C6301BE6E}.Release|x64.Build.0 = Release|Any CPU
		{96C896BD-BC69-4226-8707-A36C6301BE6E}.Release|x86.ActiveCfg = Release|Any CPU
		{96C896BD-BC69-4226-8707-A36C6301BE6E}.Release|x86.Build.0 = Release|Any CPU
	EndGlobalSection
	GlobalSection(SolutionProperties) = preSolution
		HideSolutionNode = FALSE
	EndGlobalSection
	GlobalSection(NestedProjects) = preSolution
		{C5A46367-BFBB-4620-9C0A-053CB08A2F43} = {827E0CD3-B72D-47B6-A68D-7590B98EB39B}
		{FDAB49FA-8089-4BE5-832A-E8781A6EF25F} = {827E0CD3-B72D-47B6-A68D-7590B98EB39B}
		{BF97D6EE-2AB7-4004-9A46-549E73595366} = {827E0CD3-B72D-47B6-A68D-7590B98EB39B}
		{4931A88E-F1D7-4981-9FD1-FB68C3FB3609} = {827E0CD3-B72D-47B6-A68D-7590B98EB39B}
		{B1CF2C92-92A4-4BD2-8489-049141EA55D3} = {827E0CD3-B72D-47B6-A68D-7590B98EB39B}
		{96C896BD-BC69-4226-8707-A36C6301BE6E} = {827E0CD3-B72D-47B6-A68D-7590B98EB39B}
	EndGlobalSection
EndGlobal
